{
    "name": "figma-node-id-extractor",
    "version": "1.0.0",
    "lockfileVersion": 3,
    "requires": true,
    "packages": {
        "": {
            "name": "figma-node-id-extractor",
            "version": "1.0.0",
            "license": "MIT",
            "dependencies": {
                "chrome-types": "^0.1.287"
            },
            "devDependencies": {}
        },
        "node_modules/chrome-types": {
            "version": "0.1.287",
            "resolved": "https://registry.npmjs.org/chrome-types/-/chrome-types-0.1.287.tgz",
            "integrity": "sha512-4M/l4tVZxCP1asQMH+9q6jRA9OTBnY1/eV+CdM3yXwnV4mvA5zXAczqFuQLK9UWJKx825NjJ0hDpvz9dWbZJfA=="
        }
    }
}
